
Microsoft Visual Studio Solution File, Format Version 12.00
# Visual Studio 15
VisualStudioVersion = 15.0.27130.2010
MinimumVisualStudioVersion = 10.0.40219.1
Project("{2150E333-8FDC-42A3-9474-1A3956D46DE8}") = "Exercicio 1", "Exercicio 1", "{8A9348BB-BAC3-4A7A-ADFF-9AAC5D5DA038}"
EndProject
Project("{9A19103F-16F7-4668-BE54-9A1E7A4F7556}") = "Exercicio", "Linq\Exercicio.csproj", "{C3851DE8-22EC-44F3-929F-65FC9145EC88}"
EndProject
Project("{2150E333-8FDC-42A3-9474-1A3956D46DE8}") = "Test", "Test", "{00207F78-F1EF-475B-8219-9A6211450A4A}"
EndProject
Project("{9A19103F-16F7-4668-BE54-9A1E7A4F7556}") = "ExercicioTest", "ExercicioTest\ExercicioTest.csproj", "{BE49322F-AA02-4ED2-9CE7-809659EA9C3A}"
EndProject
Project("{2150E333-8FDC-42A3-9474-1A3956D46DE8}") = "Exercicio 2", "Exercicio 2", "{B860EA9A-6551-406C-A545-AB705499A74C}"
EndProject
Project("{E24C65DC-7377-472B-9ABA-BC803B73C61A}") = "Exercicio", "Exercicio 2\Exercicio\", "{22907744-10D8-4AD5-99FF-D82CAFCD3BBE}"
	ProjectSection(WebsiteProperties) = preProject
		TargetFrameworkMoniker = ".NETFramework,Version%3Dv4.0"
		Debug.AspNetCompiler.VirtualPath = "/localhost_26702"
		Debug.AspNetCompiler.PhysicalPath = "Exercicio 2\Exercicio\"
		Debug.AspNetCompiler.TargetPath = "PrecompiledWeb\localhost_26702\"
		Debug.AspNetCompiler.Updateable = "true"
		Debug.AspNetCompiler.ForceOverwrite = "true"
		Debug.AspNetCompiler.FixedNames = "false"
		Debug.AspNetCompiler.Debug = "True"
		Release.AspNetCompiler.VirtualPath = "/localhost_26702"
		Release.AspNetCompiler.PhysicalPath = "Exercicio 2\Exercicio\"
		Release.AspNetCompiler.TargetPath = "PrecompiledWeb\localhost_26702\"
		Release.AspNetCompiler.Updateable = "true"
		Release.AspNetCompiler.ForceOverwrite = "true"
		Release.AspNetCompiler.FixedNames = "false"
		Release.AspNetCompiler.Debug = "False"
		VWDPort = "26702"
		SlnRelativePath = "Exercicio 2\Exercicio\"
	EndProjectSection
EndProject
Project("{2150E333-8FDC-42A3-9474-1A3956D46DE8}") = "Exercicio 3", "Exercicio 3", "{C82C6A4F-05AF-431C-A584-C37ECD4EE172}"
EndProject
Project("{9A19103F-16F7-4668-BE54-9A1E7A4F7556}") = "RH", "RH\RH.csproj", "{C7168F9C-132D-455D-BC41-77F08333062C}"
EndProject
Global
	GlobalSection(SolutionConfigurationPlatforms) = preSolution
		Debug|Any CPU = Debug|Any CPU
		Debug|x86 = Debug|x86
		Release|Any CPU = Release|Any CPU
		Release|x86 = Release|x86
	EndGlobalSection
	GlobalSection(ProjectConfigurationPlatforms) = postSolution
		{C3851DE8-22EC-44F3-929F-65FC9145EC88}.Debug|Any CPU.ActiveCfg = Debug|Any CPU
		{C3851DE8-22EC-44F3-929F-65FC9145EC88}.Debug|Any CPU.Build.0 = Debug|Any CPU
		{C3851DE8-22EC-44F3-929F-65FC9145EC88}.Debug|x86.ActiveCfg = Debug|Any CPU
		{C3851DE8-22EC-44F3-929F-65FC9145EC88}.Debug|x86.Build.0 = Debug|Any CPU
		{C3851DE8-22EC-44F3-929F-65FC9145EC88}.Release|Any CPU.ActiveCfg = Release|Any CPU
		{C3851DE8-22EC-44F3-929F-65FC9145EC88}.Release|Any CPU.Build.0 = Release|Any CPU
		{C3851DE8-22EC-44F3-929F-65FC9145EC88}.Release|x86.ActiveCfg = Release|Any CPU
		{C3851DE8-22EC-44F3-929F-65FC9145EC88}.Release|x86.Build.0 = Release|Any CPU
		{BE49322F-AA02-4ED2-9CE7-809659EA9C3A}.Debug|Any CPU.ActiveCfg = Debug|Any CPU
		{BE49322F-AA02-4ED2-9CE7-809659EA9C3A}.Debug|Any CPU.Build.0 = Debug|Any CPU
		{BE49322F-AA02-4ED2-9CE7-809659EA9C3A}.Debug|x86.ActiveCfg = Debug|Any CPU
		{BE49322F-AA02-4ED2-9CE7-809659EA9C3A}.Debug|x86.Build.0 = Debug|Any CPU
		{BE49322F-AA02-4ED2-9CE7-809659EA9C3A}.Release|Any CPU.ActiveCfg = Release|Any CPU
		{BE49322F-AA02-4ED2-9CE7-809659EA9C3A}.Release|Any CPU.Build.0 = Release|Any CPU
		{BE49322F-AA02-4ED2-9CE7-809659EA9C3A}.Release|x86.ActiveCfg = Release|Any CPU
		{BE49322F-AA02-4ED2-9CE7-809659EA9C3A}.Release|x86.Build.0 = Release|Any CPU
		{22907744-10D8-4AD5-99FF-D82CAFCD3BBE}.Debug|Any CPU.ActiveCfg = Debug|Any CPU
		{22907744-10D8-4AD5-99FF-D82CAFCD3BBE}.Debug|x86.ActiveCfg = Debug|Any CPU
		{22907744-10D8-4AD5-99FF-D82CAFCD3BBE}.Debug|x86.Build.0 = Debug|Any CPU
		{22907744-10D8-4AD5-99FF-D82CAFCD3BBE}.Release|Any CPU.ActiveCfg = Debug|Any CPU
		{22907744-10D8-4AD5-99FF-D82CAFCD3BBE}.Release|Any CPU.Build.0 = Debug|Any CPU
		{22907744-10D8-4AD5-99FF-D82CAFCD3BBE}.Release|x86.ActiveCfg = Debug|Any CPU
		{22907744-10D8-4AD5-99FF-D82CAFCD3BBE}.Release|x86.Build.0 = Debug|Any CPU
		{C7168F9C-132D-455D-BC41-77F08333062C}.Debug|Any CPU.ActiveCfg = Debug|Any CPU
		{C7168F9C-132D-455D-BC41-77F08333062C}.Debug|Any CPU.Build.0 = Debug|Any CPU
		{C7168F9C-132D-455D-BC41-77F08333062C}.Debug|x86.ActiveCfg = Debug|Any CPU
		{C7168F9C-132D-455D-BC41-77F08333062C}.Debug|x86.Build.0 = Debug|Any CPU
		{C7168F9C-132D-455D-BC41-77F08333062C}.Release|Any CPU.ActiveCfg = Release|Any CPU
		{C7168F9C-132D-455D-BC41-77F08333062C}.Release|Any CPU.Build.0 = Release|Any CPU
		{C7168F9C-132D-455D-BC41-77F08333062C}.Release|x86.ActiveCfg = Release|Any CPU
		{C7168F9C-132D-455D-BC41-77F08333062C}.Release|x86.Build.0 = Release|Any CPU
	EndGlobalSection
	GlobalSection(SolutionProperties) = preSolution
		HideSolutionNode = FALSE
	EndGlobalSection
	GlobalSection(NestedProjects) = preSolution
		{C3851DE8-22EC-44F3-929F-65FC9145EC88} = {8A9348BB-BAC3-4A7A-ADFF-9AAC5D5DA038}
		{BE49322F-AA02-4ED2-9CE7-809659EA9C3A} = {00207F78-F1EF-475B-8219-9A6211450A4A}
		{22907744-10D8-4AD5-99FF-D82CAFCD3BBE} = {B860EA9A-6551-406C-A545-AB705499A74C}
		{C7168F9C-132D-455D-BC41-77F08333062C} = {C82C6A4F-05AF-431C-A584-C37ECD4EE172}
	EndGlobalSection
	GlobalSection(ExtensibilityGlobals) = postSolution
		SolutionGuid = {94606028-4C4D-48B9-B437-F33417714535}
	EndGlobalSection
EndGlobal
